
Microsoft Visual Studio Solution File, Format Version 12.00
# Visual Studio 15
VisualStudioVersion = 15.0.26730.3
MinimumVisualStudioVersion = 10.0.40219.1
Project("{9A19103F-16F7-4668-BE54-9A1E7A4F7556}") = "ContaBancaria", "PrimeiroProjeto\ContaBancaria.csproj", "{CF314AEA-9F76-4D40-9812-89EC46439026}"
EndProject
Global
	GlobalSection(SolutionConfigurationPlatforms) = preSolution
		Debug|Any CPU = Debug|Any CPU
		Release|Any CPU = Release|Any CPU
	EndGlobalSection
	GlobalSection(ProjectConfigurationPlatforms) = postSolution
		{CF314AEA-9F76-4D40-9812-89EC46439026}.Debug|Any CPU.ActiveCfg = Debug|Any CPU
		{CF314AEA-9F76-4D40-9812-89EC46439026}.Debug|Any CPU.Build.0 = Debug|Any CPU
		{CF314AEA-9F76-4D40-9812-89EC46439026}.Release|Any CPU.ActiveCfg = Release|Any CPU
		{CF314AEA-9F76-4D40-9812-89EC46439026}.Release|Any CPU.Build.0 = Release|Any CPU
	EndGlobalSection
	GlobalSection(SolutionProperties) = preSolution
		HideSolutionNode = FALSE
	EndGlobalSection
	GlobalSection(ExtensibilityGlobals) = postSolution
		SolutionGuid = {8262DD8E-E37A-4F5C-887B-11FC4F0CE386}
	EndGlobalSection
EndGlobal
